
Microsoft Visual Studio Solution File, Format Version 12.00
# Visual Studio Version 17
VisualStudioVersion = 17.5.33516.290
MinimumVisualStudioVersion = 10.0.40219.1
Project("{9A19103F-16F7-4668-BE54-9A1E7A4F7556}") = "SupplierApi", "SupplierApi\SupplierApi.csproj", "{06A8CEED-CA13-49C5-ADAB-E84A2CA43D2A}"
EndProject
Project("{9A19103F-16F7-4668-BE54-9A1E7A4F7556}") = "SupplierApi.Data", "SupplierApi.Data\SupplierApi.Data.csproj", "{C9355A49-A93B-4EE9-9EFB-21F23A9A1D2F}"
EndProject
Project("{9A19103F-16F7-4668-BE54-9A1E7A4F7556}") = "SupplierApi.Service", "SupplierApi.Service\SupplierApi.Service.csproj", "{73B5A526-237F-4766-B67E-C18C36839A4C}"
EndProject
Project("{9A19103F-16F7-4668-BE54-9A1E7A4F7556}") = "SupplierApi.Tests", "SupplierApi.Tests\SupplierApi.Tests.csproj", "{18E60A99-CA16-45C4-95DA-8FE80D630CD9}"
EndProject
Project("{9A19103F-16F7-4668-BE54-9A1E7A4F7556}") = "SupplierApi.Repository", "SupplierApi.Repository\SupplierApi.Repository.csproj", "{B03F437B-2CAA-418C-9BDE-828C9EDD7C3B}"
EndProject
Global
	GlobalSection(SolutionConfigurationPlatforms) = preSolution
		Debug|Any CPU = Debug|Any CPU
		Release|Any CPU = Release|Any CPU
	EndGlobalSection
	GlobalSection(ProjectConfigurationPlatforms) = postSolution
		{06A8CEED-CA13-49C5-ADAB-E84A2CA43D2A}.Debug|Any CPU.ActiveCfg = Debug|Any CPU
		{06A8CEED-CA13-49C5-ADAB-E84A2CA43D2A}.Debug|Any CPU.Build.0 = Debug|Any CPU
		{06A8CEED-CA13-49C5-ADAB-E84A2CA43D2A}.Release|Any CPU.ActiveCfg = Release|Any CPU
		{06A8CEED-CA13-49C5-ADAB-E84A2CA43D2A}.Release|Any CPU.Build.0 = Release|Any CPU
		{C9355A49-A93B-4EE9-9EFB-21F23A9A1D2F}.Debug|Any CPU.ActiveCfg = Debug|Any CPU
		{C9355A49-A93B-4EE9-9EFB-21F23A9A1D2F}.Debug|Any CPU.Build.0 = Debug|Any CPU
		{C9355A49-A93B-4EE9-9EFB-21F23A9A1D2F}.Release|Any CPU.ActiveCfg = Release|Any CPU
		{C9355A49-A93B-4EE9-9EFB-21F23A9A1D2F}.Release|Any CPU.Build.0 = Release|Any CPU
		{73B5A526-237F-4766-B67E-C18C36839A4C}.Debug|Any CPU.ActiveCfg = Debug|Any CPU
		{73B5A526-237F-4766-B67E-C18C36839A4C}.Debug|Any CPU.Build.0 = Debug|Any CPU
		{73B5A526-237F-4766-B67E-C18C36839A4C}.Release|Any CPU.ActiveCfg = Release|Any CPU
		{73B5A526-237F-4766-B67E-C18C36839A4C}.Release|Any CPU.Build.0 = Release|Any CPU
		{18E60A99-CA16-45C4-95DA-8FE80D630CD9}.Debug|Any CPU.ActiveCfg = Debug|Any CPU
		{18E60A99-CA16-45C4-95DA-8FE80D630CD9}.Debug|Any CPU.Build.0 = Debug|Any CPU
		{18E60A99-CA16-45C4-95DA-8FE80D630CD9}.Release|Any CPU.ActiveCfg = Release|Any CPU
		{18E60A99-CA16-45C4-95DA-8FE80D630CD9}.Release|Any CPU.Build.0 = Release|Any CPU
		{B03F437B-2CAA-418C-9BDE-828C9EDD7C3B}.Debug|Any CPU.ActiveCfg = Debug|Any CPU
		{B03F437B-2CAA-418C-9BDE-828C9EDD7C3B}.Debug|Any CPU.Build.0 = Debug|Any CPU
		{B03F437B-2CAA-418C-9BDE-828C9EDD7C3B}.Release|Any CPU.ActiveCfg = Release|Any CPU
		{B03F437B-2CAA-418C-9BDE-828C9EDD7C3B}.Release|Any CPU.Build.0 = Release|Any CPU
	EndGlobalSection
	GlobalSection(SolutionProperties) = preSolution
		HideSolutionNode = FALSE
	EndGlobalSection
	GlobalSection(ExtensibilityGlobals) = postSolution
		SolutionGuid = {42E9AE52-7AC1-4428-8061-A192900D0AAA}
	EndGlobalSection
EndGlobal
